// !$*UTF8*$!
{
	archiveVersion = 1;
	classes = {
	};
	objectVersion = 46;
	objects = {

/* Begin PBXBuildFile section */
		BF2DFC8E1D1CBC7500117ECB /* MainMenuViewController.m in Sources */ = {isa = PBXBuildFile; fileRef = BF2DFC8D1D1CBC7500117ECB /* MainMenuViewController.m */; settings = {ASSET_TAGS = (); }; };
		BF2DFC911D1CBD8000117ECB /* MainMenuView.m in Sources */ = {isa = PBXBuildFile; fileRef = BF2DFC901D1CBD8000117ECB /* MainMenuView.m */; settings = {ASSET_TAGS = (); }; };
		BF41E0B61D149C8100E58BF3 /* IntroViewController.m in Sources */ = {isa = PBXBuildFile; fileRef = BF41E0B51D149C8100E58BF3 /* IntroViewController.m */; settings = {ASSET_TAGS = (); }; };
		BF41E0B91D149E1600E58BF3 /* IntroView.m in Sources */ = {isa = PBXBuildFile; fileRef = BF41E0B81D149E1600E58BF3 /* IntroView.m */; settings = {ASSET_TAGS = (); }; };
		BF41E0BC1D14ABFE00E58BF3 /* NextButton.m in Sources */ = {isa = PBXBuildFile; fileRef = BF41E0BB1D14ABFE00E58BF3 /* NextButton.m */; settings = {ASSET_TAGS = (); }; };
		BF5FFF4F1C41F8A00011D4D0 /* CharacterCreationViewController.m in Sources */ = {isa = PBXBuildFile; fileRef = BF5FFF4E1C41F8A00011D4D0 /* CharacterCreationViewController.m */; settings = {ASSET_TAGS = (); }; };
		BF5FFF521C41FC500011D4D0 /* RootViewController.m in Sources */ = {isa = PBXBuildFile; fileRef = BF5FFF511C41FC500011D4D0 /* RootViewController.m */; settings = {ASSET_TAGS = (); }; };
		BF5FFF561C4443D40011D4D0 /* Utils.m in Sources */ = {isa = PBXBuildFile; fileRef = BF5FFF551C4443D40011D4D0 /* Utils.m */; settings = {ASSET_TAGS = (); }; };
		BF68E4A81D18C39E00F55535 /* GameButton.m in Sources */ = {isa = PBXBuildFile; fileRef = BF68E4A71D18C39E00F55535 /* GameButton.m */; settings = {ASSET_TAGS = (); }; };
		BF6B037D1C41DD6900809CF1 /* CharacterCreationView.m in Sources */ = {isa = PBXBuildFile; fileRef = BF6B037C1C41DD6900809CF1 /* CharacterCreationView.m */; settings = {ASSET_TAGS = (); }; };
		BF8FCFCA1C3C9ABD006938BD /* main.m in Sources */ = {isa = PBXBuildFile; fileRef = BF8FCFC91C3C9ABD006938BD /* main.m */; };
		BF8FCFCD1C3C9ABD006938BD /* AppDelegate.m in Sources */ = {isa = PBXBuildFile; fileRef = BF8FCFCC1C3C9ABD006938BD /* AppDelegate.m */; };
		BF8FCFD01C3C9ABD006938BD /* OpeningViewController.m in Sources */ = {isa = PBXBuildFile; fileRef = BF8FCFCF1C3C9ABD006938BD /* OpeningViewController.m */; };
		BF8FCFD51C3C9ABD006938BD /* Assets.xcassets in Resources */ = {isa = PBXBuildFile; fileRef = BF8FCFD41C3C9ABD006938BD /* Assets.xcassets */; };
		BFBAD1271C3E19A500CF07AF /* Default-568h@2x.png in Resources */ = {isa = PBXBuildFile; fileRef = BFBAD1261C3E19A500CF07AF /* Default-568h@2x.png */; settings = {ASSET_TAGS = (); }; };
		BFD1D5B81C4C506F002A2797 /* ViewControllerProtocols.m in Sources */ = {isa = PBXBuildFile; fileRef = BFD1D5B71C4C506F002A2797 /* ViewControllerProtocols.m */; settings = {ASSET_TAGS = (); }; };
		BFDD86BC1C3DE89E00EEF132 /* OpeningView.m in Sources */ = {isa = PBXBuildFile; fileRef = BFDD86BB1C3DE89E00EEF132 /* OpeningView.m */; settings = {ASSET_TAGS = (); }; };
		BFDD86BF1C3DE94F00EEF132 /* TestView.m in Sources */ = {isa = PBXBuildFile; fileRef = BFDD86BE1C3DE94F00EEF132 /* TestView.m */; settings = {ASSET_TAGS = (); }; };
/* End PBXBuildFile section */

/* Begin PBXFileReference section */
		BF2DFC8C1D1CBC7500117ECB /* MainMenuViewController.h */ = {isa = PBXFileReference; fileEncoding = 4; lastKnownFileType = sourcecode.c.h; path = MainMenuViewController.h; sourceTree = "<group>"; };
		BF2DFC8D1D1CBC7500117ECB /* MainMenuViewController.m */ = {isa = PBXFileReference; fileEncoding = 4; lastKnownFileType = sourcecode.c.objc; path = MainMenuViewController.m; sourceTree = "<group>"; };
		BF2DFC8F1D1CBD8000117ECB /* MainMenuView.h */ = {isa = PBXFileReference; fileEncoding = 4; lastKnownFileType = sourcecode.c.h; path = MainMenuView.h; sourceTree = "<group>"; };
		BF2DFC901D1CBD8000117ECB /* MainMenuView.m */ = {isa = PBXFileReference; fileEncoding = 4; lastKnownFileType = sourcecode.c.objc; path = MainMenuView.m; sourceTree = "<group>"; };
		BF41E0B41D149C8100E58BF3 /* IntroViewController.h */ = {isa = PBXFileReference; fileEncoding = 4; lastKnownFileType = sourcecode.c.h; path = IntroViewController.h; sourceTree = "<group>"; };
		BF41E0B51D149C8100E58BF3 /* IntroViewController.m */ = {isa = PBXFileReference; fileEncoding = 4; lastKnownFileType = sourcecode.c.objc; path = IntroViewController.m; sourceTree = "<group>"; };
		BF41E0B71D149E1600E58BF3 /* IntroView.h */ = {isa = PBXFileReference; fileEncoding = 4; lastKnownFileType = sourcecode.c.h; path = IntroView.h; sourceTree = "<group>"; };
		BF41E0B81D149E1600E58BF3 /* IntroView.m */ = {isa = PBXFileReference; fileEncoding = 4; lastKnownFileType = sourcecode.c.objc; path = IntroView.m; sourceTree = "<group>"; };
		BF41E0BA1D14ABFE00E58BF3 /* NextButton.h */ = {isa = PBXFileReference; fileEncoding = 4; lastKnownFileType = sourcecode.c.h; path = NextButton.h; sourceTree = "<group>"; };
		BF41E0BB1D14ABFE00E58BF3 /* NextButton.m */ = {isa = PBXFileReference; fileEncoding = 4; lastKnownFileType = sourcecode.c.objc; path = NextButton.m; sourceTree = "<group>"; };
		BF5FFF4D1C41F8A00011D4D0 /* CharacterCreationViewController.h */ = {isa = PBXFileReference; fileEncoding = 4; lastKnownFileType = sourcecode.c.h; path = CharacterCreationViewController.h; sourceTree = "<group>"; };
		BF5FFF4E1C41F8A00011D4D0 /* CharacterCreationViewController.m */ = {isa = PBXFileReference; fileEncoding = 4; lastKnownFileType = sourcecode.c.objc; path = CharacterCreationViewController.m; sourceTree = "<group>"; };
		BF5FFF501C41FC500011D4D0 /* RootViewController.h */ = {isa = PBXFileReference; fileEncoding = 4; lastKnownFileType = sourcecode.c.h; path = RootViewController.h; sourceTree = "<group>"; };
		BF5FFF511C41FC500011D4D0 /* RootViewController.m */ = {isa = PBXFileReference; fileEncoding = 4; lastKnownFileType = sourcecode.c.objc; path = RootViewController.m; sourceTree = "<group>"; };
		BF5FFF541C4443D40011D4D0 /* Utils.h */ = {isa = PBXFileReference; fileEncoding = 4; lastKnownFileType = sourcecode.c.h; path = Utils.h; sourceTree = "<group>"; };
		BF5FFF551C4443D40011D4D0 /* Utils.m */ = {isa = PBXFileReference; fileEncoding = 4; lastKnownFileType = sourcecode.c.objc; path = Utils.m; sourceTree = "<group>"; };
		BF68E4A61D18C39E00F55535 /* GameButton.h */ = {isa = PBXFileReference; fileEncoding = 4; lastKnownFileType = sourcecode.c.h; path = GameButton.h; sourceTree = "<group>"; };
		BF68E4A71D18C39E00F55535 /* GameButton.m */ = {isa = PBXFileReference; fileEncoding = 4; lastKnownFileType = sourcecode.c.objc; path = GameButton.m; sourceTree = "<group>"; };
		BF6B037B1C41DD6900809CF1 /* CharacterCreationView.h */ = {isa = PBXFileReference; fileEncoding = 4; lastKnownFileType = sourcecode.c.h; path = CharacterCreationView.h; sourceTree = "<group>"; };
		BF6B037C1C41DD6900809CF1 /* CharacterCreationView.m */ = {isa = PBXFileReference; fileEncoding = 4; lastKnownFileType = sourcecode.c.objc; path = CharacterCreationView.m; sourceTree = "<group>"; };
		BF8FCFC51C3C9ABD006938BD /* Nightfall.app */ = {isa = PBXFileReference; explicitFileType = wrapper.application; includeInIndex = 0; path = Nightfall.app; sourceTree = BUILT_PRODUCTS_DIR; };
		BF8FCFC91C3C9ABD006938BD /* main.m */ = {isa = PBXFileReference; lastKnownFileType = sourcecode.c.objc; path = main.m; sourceTree = "<group>"; };
		BF8FCFCB1C3C9ABD006938BD /* AppDelegate.h */ = {isa = PBXFileReference; lastKnownFileType = sourcecode.c.h; path = AppDelegate.h; sourceTree = "<group>"; };
		BF8FCFCC1C3C9ABD006938BD /* AppDelegate.m */ = {isa = PBXFileReference; lastKnownFileType = sourcecode.c.objc; path = AppDelegate.m; sourceTree = "<group>"; };
		BF8FCFCE1C3C9ABD006938BD /* OpeningViewController.h */ = {isa = PBXFileReference; lastKnownFileType = sourcecode.c.h; path = OpeningViewController.h; sourceTree = "<group>"; };
		BF8FCFCF1C3C9ABD006938BD /* OpeningViewController.m */ = {isa = PBXFileReference; lastKnownFileType = sourcecode.c.objc; path = OpeningViewController.m; sourceTree = "<group>"; };
		BF8FCFD41C3C9ABD006938BD /* Assets.xcassets */ = {isa = PBXFileReference; lastKnownFileType = folder.assetcatalog; path = Assets.xcassets; sourceTree = "<group>"; };
		BF8FCFD91C3C9ABD006938BD /* Info.plist */ = {isa = PBXFileReference; lastKnownFileType = text.plist.xml; path = Info.plist; sourceTree = "<group>"; };
		BFBAD1261C3E19A500CF07AF /* Default-568h@2x.png */ = {isa = PBXFileReference; lastKnownFileType = image.png; path = "Default-568h@2x.png"; sourceTree = "<group>"; };
		BFD1D5B61C4C506F002A2797 /* ViewControllerProtocols.h */ = {isa = PBXFileReference; fileEncoding = 4; lastKnownFileType = sourcecode.c.h; path = ViewControllerProtocols.h; sourceTree = "<group>"; };
		BFD1D5B71C4C506F002A2797 /* ViewControllerProtocols.m */ = {isa = PBXFileReference; fileEncoding = 4; lastKnownFileType = sourcecode.c.objc; path = ViewControllerProtocols.m; sourceTree = "<group>"; };
		BFDD86BA1C3DE89E00EEF132 /* OpeningView.h */ = {isa = PBXFileReference; fileEncoding = 4; lastKnownFileType = sourcecode.c.h; path = OpeningView.h; sourceTree = "<group>"; };
		BFDD86BB1C3DE89E00EEF132 /* OpeningView.m */ = {isa = PBXFileReference; fileEncoding = 4; lastKnownFileType = sourcecode.c.objc; path = OpeningView.m; sourceTree = "<group>"; };
		BFDD86BD1C3DE94F00EEF132 /* TestView.h */ = {isa = PBXFileReference; fileEncoding = 4; lastKnownFileType = sourcecode.c.h; path = TestView.h; sourceTree = "<group>"; };
		BFDD86BE1C3DE94F00EEF132 /* TestView.m */ = {isa = PBXFileReference; fileEncoding = 4; lastKnownFileType = sourcecode.c.objc; path = TestView.m; sourceTree = "<group>"; };
/* End PBXFileReference section */

/* Begin PBXFrameworksBuildPhase section */
		BF8FCFC21C3C9ABD006938BD /* Frameworks */ = {
			isa = PBXFrameworksBuildPhase;
			buildActionMask = 2147483647;
			files = (
			);
			runOnlyForDeploymentPostprocessing = 0;
		};
/* End PBXFrameworksBuildPhase section */

/* Begin PBXGroup section */
		BF5FFF531C4443BC0011D4D0 /* Utils */ = {
			isa = PBXGroup;
			children = (
				BF5FFF541C4443D40011D4D0 /* Utils.h */,
				BF5FFF551C4443D40011D4D0 /* Utils.m */,
				BFD1D5B61C4C506F002A2797 /* ViewControllerProtocols.h */,
				BFD1D5B71C4C506F002A2797 /* ViewControllerProtocols.m */,
			);
			name = Utils;
			sourceTree = "<group>";
		};
		BF8FCFBC1C3C9ABD006938BD = {
			isa = PBXGroup;
			children = (
				BF8FCFDF1C3C9B14006938BD /* Backgrounds */,
				BFBAD1261C3E19A500CF07AF /* Default-568h@2x.png */,
				BF8FCFC71C3C9ABD006938BD /* Nightfall */,
				BF8FCFC61C3C9ABD006938BD /* Products */,
			);
			sourceTree = "<group>";
		};
		BF8FCFC61C3C9ABD006938BD /* Products */ = {
			isa = PBXGroup;
			children = (
				BF8FCFC51C3C9ABD006938BD /* Nightfall.app */,
			);
			name = Products;
			sourceTree = "<group>";
		};
		BF8FCFC71C3C9ABD006938BD /* Nightfall */ = {
			isa = PBXGroup;
			children = (
				BF5FFF531C4443BC0011D4D0 /* Utils */,
				BF8FCFCB1C3C9ABD006938BD /* AppDelegate.h */,
				BF8FCFCC1C3C9ABD006938BD /* AppDelegate.m */,
				BF8FCFD41C3C9ABD006938BD /* Assets.xcassets */,
				BF8FCFD91C3C9ABD006938BD /* Info.plist */,
				BFBAD1281C3E1BAB00CF07AF /* Opening */,
				BF5FFF501C41FC500011D4D0 /* RootViewController.h */,
				BF5FFF511C41FC500011D4D0 /* RootViewController.m */,
				BF8FCFC81C3C9ABD006938BD /* Supporting Files */,
				BFDD86BD1C3DE94F00EEF132 /* TestView.h */,
				BFDD86BE1C3DE94F00EEF132 /* TestView.m */,
			);
			path = Nightfall;
			sourceTree = "<group>";
		};
		BF8FCFC81C3C9ABD006938BD /* Supporting Files */ = {
			isa = PBXGroup;
			children = (
				BF8FCFC91C3C9ABD006938BD /* main.m */,
			);
			name = "Supporting Files";
			sourceTree = "<group>";
		};
		BF8FCFDF1C3C9B14006938BD /* Backgrounds */ = {
			isa = PBXGroup;
			children = (
			);
			name = Backgrounds;
			sourceTree = "<group>";
		};
		BFBAD1281C3E1BAB00CF07AF /* Opening */ = {
			isa = PBXGroup;
			children = (
				BF6B037B1C41DD6900809CF1 /* CharacterCreationView.h */,
				BF6B037C1C41DD6900809CF1 /* CharacterCreationView.m */,
				BF5FFF4D1C41F8A00011D4D0 /* CharacterCreationViewController.h */,
				BF5FFF4E1C41F8A00011D4D0 /* CharacterCreationViewController.m */,
				BF41E0B71D149E1600E58BF3 /* IntroView.h */,
				BF41E0B81D149E1600E58BF3 /* IntroView.m */,
				BF41E0BA1D14ABFE00E58BF3 /* NextButton.h */,
				BF41E0BB1D14ABFE00E58BF3 /* NextButton.m */,
				BF41E0B41D149C8100E58BF3 /* IntroViewController.h */,
				BF41E0B51D149C8100E58BF3 /* IntroViewController.m */,
				BFDD86BA1C3DE89E00EEF132 /* OpeningView.h */,
				BFDD86BB1C3DE89E00EEF132 /* OpeningView.m */,
				BF2DFC8C1D1CBC7500117ECB /* MainMenuViewController.h */,
				BF2DFC8D1D1CBC7500117ECB /* MainMenuViewController.m */,
				BF8FCFCE1C3C9ABD006938BD /* OpeningViewController.h */,
				BF2DFC8F1D1CBD8000117ECB /* MainMenuView.h */,
				BF2DFC901D1CBD8000117ECB /* MainMenuView.m */,
				BF8FCFCF1C3C9ABD006938BD /* OpeningViewController.m */,
				BF68E4A61D18C39E00F55535 /* GameButton.h */,
				BF68E4A71D18C39E00F55535 /* GameButton.m */,
			);
			name = Opening;
			sourceTree = "<group>";
		};
/* End PBXGroup section */

/* Begin PBXNativeTarget section */
		BF8FCFC41C3C9ABD006938BD /* Nightfall */ = {
			isa = PBXNativeTarget;
			buildConfigurationList = BF8FCFDC1C3C9ABD006938BD /* Build configuration list for PBXNativeTarget "Nightfall" */;
			buildPhases = (
				BF8FCFC11C3C9ABD006938BD /* Sources */,
				BF8FCFC21C3C9ABD006938BD /* Frameworks */,
				BF8FCFC31C3C9ABD006938BD /* Resources */,
			);
			buildRules = (
			);
			dependencies = (
			);
			name = Nightfall;
			productName = Nightfall;
			productReference = BF8FCFC51C3C9ABD006938BD /* Nightfall.app */;
			productType = "com.apple.product-type.application";
		};
/* End PBXNativeTarget section */

/* Begin PBXProject section */
		BF8FCFBD1C3C9ABD006938BD /* Project object */ = {
			isa = PBXProject;
			attributes = {
				LastUpgradeCheck = 0700;
				ORGANIZATIONNAME = "Jimmy Lee";
				TargetAttributes = {
					BF8FCFC41C3C9ABD006938BD = {
						CreatedOnToolsVersion = 7.0;
						DevelopmentTeam = 69R3A44W7N;
					};
				};
			};
			buildConfigurationList = BF8FCFC01C3C9ABD006938BD /* Build configuration list for PBXProject "Nightfall" */;
			compatibilityVersion = "Xcode 3.2";
			developmentRegion = English;
			hasScannedForEncodings = 0;
			knownRegions = (
				en,
				Base,
			);
			mainGroup = BF8FCFBC1C3C9ABD006938BD;
			productRefGroup = BF8FCFC61C3C9ABD006938BD /* Products */;
			projectDirPath = "";
			projectRoot = "";
			targets = (
				BF8FCFC41C3C9ABD006938BD /* Nightfall */,
			);
		};
/* End PBXProject section */

/* Begin PBXResourcesBuildPhase section */
		BF8FCFC31C3C9ABD006938BD /* Resources */ = {
			isa = PBXResourcesBuildPhase;
			buildActionMask = 2147483647;
			files = (
				BF8FCFD51C3C9ABD006938BD /* Assets.xcassets in Resources */,
				BFBAD1271C3E19A500CF07AF /* Default-568h@2x.png in Resources */,
			);
			runOnlyForDeploymentPostprocessing = 0;
		};
/* End PBXResourcesBuildPhase section */

/* Begin PBXSourcesBuildPhase section */
		BF8FCFC11C3C9ABD006938BD /* Sources */ = {
			isa = PBXSourcesBuildPhase;
			buildActionMask = 2147483647;
			files = (
				BFD1D5B81C4C506F002A2797 /* ViewControllerProtocols.m in Sources */,
				BF41E0BC1D14ABFE00E58BF3 /* NextButton.m in Sources */,
				BF8FCFD01C3C9ABD006938BD /* OpeningViewController.m in Sources */,
				BF8FCFCD1C3C9ABD006938BD /* AppDelegate.m in Sources */,
				BF2DFC8E1D1CBC7500117ECB /* MainMenuViewController.m in Sources */,
				BF5FFF561C4443D40011D4D0 /* Utils.m in Sources */,
				BF6B037D1C41DD6900809CF1 /* CharacterCreationView.m in Sources */,
				BFDD86BF1C3DE94F00EEF132 /* TestView.m in Sources */,
				BF8FCFCA1C3C9ABD006938BD /* main.m in Sources */,
				BF41E0B61D149C8100E58BF3 /* IntroViewController.m in Sources */,
				BF5FFF521C41FC500011D4D0 /* RootViewController.m in Sources */,
				BFDD86BC1C3DE89E00EEF132 /* OpeningView.m in Sources */,
				BF68E4A81D18C39E00F55535 /* GameButton.m in Sources */,
				BF5FFF4F1C41F8A00011D4D0 /* CharacterCreationViewController.m in Sources */,
				BF2DFC911D1CBD8000117ECB /* MainMenuView.m in Sources */,
				BF41E0B91D149E1600E58BF3 /* IntroView.m in Sources */,
			);
			runOnlyForDeploymentPostprocessing = 0;
		};
/* End PBXSourcesBuildPhase section */

/* Begin XCBuildConfiguration section */
		BF8FCFDA1C3C9ABD006938BD /* Debug */ = {
			isa = XCBuildConfiguration;
			buildSettings = {
				ALWAYS_SEARCH_USER_PATHS = NO;
				CLANG_CXX_LANGUAGE_STANDARD = "gnu++0x";
				CLANG_CXX_LIBRARY = "libc++";
				CLANG_ENABLE_MODULES = YES;
				CLANG_ENABLE_OBJC_ARC = YES;
				CLANG_WARN_BOOL_CONVERSION = YES;
				CLANG_WARN_CONSTANT_CONVERSION = YES;
				CLANG_WARN_DIRECT_OBJC_ISA_USAGE = YES_ERROR;
				CLANG_WARN_EMPTY_BODY = YES;
				CLANG_WARN_ENUM_CONVERSION = YES;
				CLANG_WARN_INT_CONVERSION = YES;
				CLANG_WARN_OBJC_ROOT_CLASS = YES_ERROR;
				CLANG_WARN_UNREACHABLE_CODE = YES;
				CLANG_WARN__DUPLICATE_METHOD_MATCH = YES;
				"CODE_SIGN_IDENTITY[sdk=iphoneos*]" = "iPhone Developer";
				COPY_PHASE_STRIP = NO;
				DEBUG_INFORMATION_FORMAT = dwarf;
				ENABLE_STRICT_OBJC_MSGSEND = YES;
				ENABLE_TESTABILITY = YES;
				GCC_C_LANGUAGE_STANDARD = gnu99;
				GCC_DYNAMIC_NO_PIC = NO;
				GCC_NO_COMMON_BLOCKS = YES;
				GCC_OPTIMIZATION_LEVEL = 0;
				GCC_PREPROCESSOR_DEFINITIONS = (
					"DEBUG=1",
					"$(inherited)",
				);
				GCC_WARN_64_TO_32_BIT_CONVERSION = YES;
				GCC_WARN_ABOUT_RETURN_TYPE = YES_ERROR;
				GCC_WARN_UNDECLARED_SELECTOR = YES;
				GCC_WARN_UNINITIALIZED_AUTOS = YES_AGGRESSIVE;
				GCC_WARN_UNUSED_FUNCTION = YES;
				GCC_WARN_UNUSED_VARIABLE = YES;
				IPHONEOS_DEPLOYMENT_TARGET = 9.0;
				MTL_ENABLE_DEBUG_INFO = YES;
				ONLY_ACTIVE_ARCH = YES;
				SDKROOT = iphoneos;
				TARGETED_DEVICE_FAMILY = "1,2";
			};
			name = Debug;
		};
		BF8FCFDB1C3C9ABD006938BD /* Release */ = {
			isa = XCBuildConfiguration;
			buildSettings = {
				ALWAYS_SEARCH_USER_PATHS = NO;
				CLANG_CXX_LANGUAGE_STANDARD = "gnu++0x";
				CLANG_CXX_LIBRARY = "libc++";
				CLANG_ENABLE_MODULES = YES;
				CLANG_ENABLE_OBJC_ARC = YES;
				CLANG_WARN_BOOL_CONVERSION = YES;
				CLANG_WARN_CONSTANT_CONVERSION = YES;
				CLANG_WARN_DIRECT_OBJC_ISA_USAGE = YES_ERROR;
				CLANG_WARN_EMPTY_BODY = YES;
				CLANG_WARN_ENUM_CONVERSION = YES;
				CLANG_WARN_INT_CONVERSION = YES;
				CLANG_WARN_OBJC_ROOT_CLASS = YES_ERROR;
				CLANG_WARN_UNREACHABLE_CODE = YES;
				CLANG_WARN__DUPLICATE_METHOD_MATCH = YES;
				"CODE_SIGN_IDENTITY[sdk=iphoneos*]" = "iPhone Developer";
				COPY_PHASE_STRIP = NO;
				DEBUG_INFORMATION_FORMAT = "dwarf-with-dsym";
				ENABLE_NS_ASSERTIONS = NO;
				ENABLE_STRICT_OBJC_MSGSEND = YES;
				GCC_C_LANGUAGE_STANDARD = gnu99;
				GCC_NO_COMMON_BLOCKS = YES;
				GCC_WARN_64_TO_32_BIT_CONVERSION = YES;
				GCC_WARN_ABOUT_RETURN_TYPE = YES_ERROR;
				GCC_WARN_UNDECLARED_SELECTOR = YES;
				GCC_WARN_UNINITIALIZED_AUTOS = YES_AGGRESSIVE;
				GCC_WARN_UNUSED_FUNCTION = YES;
				GCC_WARN_UNUSED_VARIABLE = YES;
				IPHONEOS_DEPLOYMENT_TARGET = 9.0;
				MTL_ENABLE_DEBUG_INFO = NO;
				SDKROOT = iphoneos;
				TARGETED_DEVICE_FAMILY = "1,2";
				VALIDATE_PRODUCT = YES;
			};
			name = Release;
		};
		BF8FCFDD1C3C9ABD006938BD /* Debug */ = {
			isa = XCBuildConfiguration;
			buildSettings = {
				ASSETCATALOG_COMPILER_APPICON_NAME = AppIcon;
				INFOPLIST_FILE = Nightfall/Info.plist;
				LD_RUNPATH_SEARCH_PATHS = "$(inherited) @executable_path/Frameworks";
				PRODUCT_BUNDLE_IDENTIFIER = JL.Nightfall;
				PRODUCT_NAME = "$(TARGET_NAME)";
			};
			name = Debug;
		};
		BF8FCFDE1C3C9ABD006938BD /* Release */ = {
			isa = XCBuildConfiguration;
			buildSettings = {
				ASSETCATALOG_COMPILER_APPICON_NAME = AppIcon;
				INFOPLIST_FILE = Nightfall/Info.plist;
				LD_RUNPATH_SEARCH_PATHS = "$(inherited) @executable_path/Frameworks";
				PRODUCT_BUNDLE_IDENTIFIER = JL.Nightfall;
				PRODUCT_NAME = "$(TARGET_NAME)";
			};
			name = Release;
		};
/* End XCBuildConfiguration section */

/* Begin XCConfigurationList section */
		BF8FCFC01C3C9ABD006938BD /* Build configuration list for PBXProject "Nightfall" */ = {
			isa = XCConfigurationList;
			buildConfigurations = (
				BF8FCFDA1C3C9ABD006938BD /* Debug */,
				BF8FCFDB1C3C9ABD006938BD /* Release */,
			);
			defaultConfigurationIsVisible = 0;
			defaultConfigurationName = Release;
		};
		BF8FCFDC1C3C9ABD006938BD /* Build configuration list for PBXNativeTarget "Nightfall" */ = {
			isa = XCConfigurationList;
			buildConfigurations = (
				BF8FCFDD1C3C9ABD006938BD /* Debug */,
				BF8FCFDE1C3C9ABD006938BD /* Release */,
			);
			defaultConfigurationIsVisible = 0;
			defaultConfigurationName = Release;
		};
/* End XCConfigurationList section */
	};
	rootObject = BF8FCFBD1C3C9ABD006938BD /* Project object */;
}
